
Microsoft Visual Studio Solution File, Format Version 12.00
# Visual Studio Version 17
VisualStudioVersion = 17.5.33502.453
MinimumVisualStudioVersion = 10.0.40219.1
Project("{FAE04EC0-301F-11D3-BF4B-00C04F79EFBC}") = "C3LTWinForm", "C3LTWinForm\C3LTWinForm.csproj", "{26CE0343-C6AE-4990-8ABD-FB949AFA0169}"
EndProject
Global
	GlobalSection(SolutionConfigurationPlatforms) = preSolution
		Debug|Any CPU = Debug|Any CPU
		Release|Any CPU = Release|Any CPU
	EndGlobalSection
	GlobalSection(ProjectConfigurationPlatforms) = postSolution
		{26CE0343-C6AE-4990-8ABD-FB949AFA0169}.Debug|Any CPU.ActiveCfg = Debug|Any CPU
		{26CE0343-C6AE-4990-8ABD-FB949AFA0169}.Debug|Any CPU.Build.0 = Debug|Any CPU
		{26CE0343-C6AE-4990-8ABD-FB949AFA0169}.Release|Any CPU.ActiveCfg = Release|Any CPU
		{26CE0343-C6AE-4990-8ABD-FB949AFA0169}.Release|Any CPU.Build.0 = Release|Any CPU
	EndGlobalSection
	GlobalSection(SolutionProperties) = preSolution
		HideSolutionNode = FALSE
	EndGlobalSection
	GlobalSection(ExtensibilityGlobals) = postSolution
		SolutionGuid = {58C5547C-F29B-4A3D-9073-7B2D46DE1E32}
	EndGlobalSection
EndGlobal
